
Microsoft Visual Studio Solution File, Format Version 12.00
# Visual Studio Version 16
VisualStudioVersion = 16.0.29509.3
MinimumVisualStudioVersion = 10.0.40219.1
Project("{9A19103F-16F7-4668-BE54-9A1E7A4F7556}") = "SalesWebMVC", "SalesWebMVC\SalesWebMVC.csproj", "{896D421A-8DB0-446D-9DB5-B939B1FA9AB6}"
EndProject
Global
	GlobalSection(SolutionConfigurationPlatforms) = preSolution
		Debug|Any CPU = Debug|Any CPU
		Release|Any CPU = Release|Any CPU
	EndGlobalSection
	GlobalSection(ProjectConfigurationPlatforms) = postSolution
		{896D421A-8DB0-446D-9DB5-B939B1FA9AB6}.Debug|Any CPU.ActiveCfg = Debug|Any CPU
		{896D421A-8DB0-446D-9DB5-B939B1FA9AB6}.Debug|Any CPU.Build.0 = Debug|Any CPU
		{896D421A-8DB0-446D-9DB5-B939B1FA9AB6}.Release|Any CPU.ActiveCfg = Release|Any CPU
		{896D421A-8DB0-446D-9DB5-B939B1FA9AB6}.Release|Any CPU.Build.0 = Release|Any CPU
	EndGlobalSection
	GlobalSection(SolutionProperties) = preSolution
		HideSolutionNode = FALSE
	EndGlobalSection
	GlobalSection(ExtensibilityGlobals) = postSolution
		SolutionGuid = {022FBE65-18BD-4CD0-BDFE-2D3F52BFB18D}
	EndGlobalSection
EndGlobal
